
Microsoft Visual Studio Solution File, Format Version 12.00
# Visual Studio Version 17
VisualStudioVersion = 17.2.32519.379
MinimumVisualStudioVersion = 10.0.40219.1
Project("{FAE04EC0-301F-11D3-BF4B-00C04F79EFBC}") = "Ejerc008", "Ejerc008.csproj", "{FD826CDF-A894-4661-9132-9645670254E3}"
EndProject
Global
	GlobalSection(SolutionConfigurationPlatforms) = preSolution
		Debug|Any CPU = Debug|Any CPU
		Release|Any CPU = Release|Any CPU
	EndGlobalSection
	GlobalSection(ProjectConfigurationPlatforms) = postSolution
		{FD826CDF-A894-4661-9132-9645670254E3}.Debug|Any CPU.ActiveCfg = Debug|Any CPU
		{FD826CDF-A894-4661-9132-9645670254E3}.Debug|Any CPU.Build.0 = Debug|Any CPU
		{FD826CDF-A894-4661-9132-9645670254E3}.Release|Any CPU.ActiveCfg = Release|Any CPU
		{FD826CDF-A894-4661-9132-9645670254E3}.Release|Any CPU.Build.0 = Release|Any CPU
	EndGlobalSection
	GlobalSection(SolutionProperties) = preSolution
		HideSolutionNode = FALSE
	EndGlobalSection
	GlobalSection(ExtensibilityGlobals) = postSolution
		SolutionGuid = {72AB8162-2C8F-4D2B-89D3-AB2E6AFDE467}
	EndGlobalSection
EndGlobal
