
Microsoft Visual Studio Solution File, Format Version 12.00
# Visual Studio Version 17
VisualStudioVersion = 17.2.32519.379
MinimumVisualStudioVersion = 10.0.40219.1
Project("{FAE04EC0-301F-11D3-BF4B-00C04F79EFBC}") = "Tarea004", "Tarea004.csproj", "{9713BA56-429E-409C-877E-D92924B83078}"
EndProject
Global
	GlobalSection(SolutionConfigurationPlatforms) = preSolution
		Debug|Any CPU = Debug|Any CPU
		Release|Any CPU = Release|Any CPU
	EndGlobalSection
	GlobalSection(ProjectConfigurationPlatforms) = postSolution
		{9713BA56-429E-409C-877E-D92924B83078}.Debug|Any CPU.ActiveCfg = Debug|Any CPU
		{9713BA56-429E-409C-877E-D92924B83078}.Debug|Any CPU.Build.0 = Debug|Any CPU
		{9713BA56-429E-409C-877E-D92924B83078}.Release|Any CPU.ActiveCfg = Release|Any CPU
		{9713BA56-429E-409C-877E-D92924B83078}.Release|Any CPU.Build.0 = Release|Any CPU
	EndGlobalSection
	GlobalSection(SolutionProperties) = preSolution
		HideSolutionNode = FALSE
	EndGlobalSection
	GlobalSection(ExtensibilityGlobals) = postSolution
		SolutionGuid = {31D03138-434B-4B01-BD19-6679AFBCF5C5}
	EndGlobalSection
EndGlobal
