
Microsoft Visual Studio Solution File, Format Version 12.00
# Visual Studio Version 16
VisualStudioVersion = 16.0.31729.503
MinimumVisualStudioVersion = 10.0.40219.1
Project("{FAE04EC0-301F-11D3-BF4B-00C04F79EFBC}") = "Ejerc001-Estructuras de control y ciclos", "Ejerc001-Estructuras de control y ciclos.csproj", "{E70D116C-B963-41DB-8375-0F6B1C276ACB}"
EndProject
Global
	GlobalSection(SolutionConfigurationPlatforms) = preSolution
		Debug|Any CPU = Debug|Any CPU
		Release|Any CPU = Release|Any CPU
	EndGlobalSection
	GlobalSection(ProjectConfigurationPlatforms) = postSolution
		{E70D116C-B963-41DB-8375-0F6B1C276ACB}.Debug|Any CPU.ActiveCfg = Debug|Any CPU
		{E70D116C-B963-41DB-8375-0F6B1C276ACB}.Debug|Any CPU.Build.0 = Debug|Any CPU
		{E70D116C-B963-41DB-8375-0F6B1C276ACB}.Release|Any CPU.ActiveCfg = Release|Any CPU
		{E70D116C-B963-41DB-8375-0F6B1C276ACB}.Release|Any CPU.Build.0 = Release|Any CPU
	EndGlobalSection
	GlobalSection(SolutionProperties) = preSolution
		HideSolutionNode = FALSE
	EndGlobalSection
	GlobalSection(ExtensibilityGlobals) = postSolution
		SolutionGuid = {036EBDBD-CE0B-4424-ACFD-1D4B6CBB37F0}
	EndGlobalSection
EndGlobal
